lockfileVersion: '9.0'

settings:
  autoInstallPeers: true
  excludeLinksFromLockfile: false

importers:

  .:
    dependencies:
      '@angular/common':
        specifier: ^19.2.0
        version: 19.2.11(@angular/core@19.2.11(rxjs@7.8.2)(zone.js@0.15.0))(rxjs@7.8.2)
      '@angular/compiler':
        specifier: ^19.2.0
        version: 19.2.11
      '@angular/core':
        specifier: ^19.2.0
        version: 19.2.11(rxjs@7.8.2)(zone.js@0.15.0)
      '@angular/forms':
        specifier: ^19.2.0
        version: 19.2.11(@angular/common@19.2.11(@angular/core@19.2.11(rxjs@7.8.2)(zone.js@0.15.0))(rxjs@7.8.2))(@angular/core@19.2.11(rxjs@7.8.2)(zone.js@0.15.0))(@angular/platform-browser@19.2.11(@angular/common@19.2.11(@angular/core@19.2.11(rxjs@7.8.2)(zone.js@0.15.0))(rxjs@7.8.2))(@angular/core@19.2.11(rxjs@7.8.2)(zone.js@0.15.0)))(rxjs@7.8.2)
      '@angular/platform-browser':
        specifier: ^19.2.0
        version: 19.2.11(@angular/common@19.2.11(@angular/core@19.2.11(rxjs@7.8.2)(zone.js@0.15.0))(rxjs@7.8.2))(@angular/core@19.2.11(rxjs@7.8.2)(zone.js@0.15.0))
      '@angular/platform-browser-dynamic':
        specifier: ^19.2.0
        version: 19.2.11(@angular/common@19.2.11(@angular/core@19.2.11(rxjs@7.8.2)(zone.js@0.15.0))(rxjs@7.8.2))(@angular/compiler@19.2.11)(@angular/core@19.2.11(rxjs@7.8.2)(zone.js@0.15.0))(@angular/platform-browser@19.2.11(@angular/common@19.2.11(@angular/core@19.2.11(rxjs@7.8.2)(zone.js@0.15.0))(rxjs@7.8.2))(@angular/core@19.2.11(rxjs@7.8.2)(zone.js@0.15.0)))
      '@angular/router':
        specifier: ^19.2.0
        version: 19.2.11(@angular/common@19.2.11(@angular/core@19.2.11(rxjs@7.8.2)(zone.js@0.15.0))(rxjs@7.8.2))(@angular/core@19.2.11(rxjs@7.8.2)(zone.js@0.15.0))(@angular/platform-browser@19.2.11(@angular/common@19.2.11(@angular/core@19.2.11(rxjs@7.8.2)(zone.js@0.15.0))(rxjs@7.8.2))(@angular/core@19.2.11(rxjs@7.8.2)(zone.js@0.15.0)))(rxjs@7.8.2)
      rxjs:
        specifier: ~7.8.0
        version: 7.8.2
      tslib:
        specifier: ^2.3.0
        version: 2.8.1
      zone.js:
        specifier: ~0.15.0
        version: 0.15.0
    devDependencies:
      '@types/node':
        specifier: ^22.15.18
        version: 22.15.18
      typescript:
        specifier: ^5.8.3
        version: 5.8.3

packages:

  '@angular/common@19.2.11':
    resolution: {integrity: sha512-/ZnF2Nfp6S6TAu3VlvUAIp4NVd81WE1Q95wuwSSuoEx2aSyXzI+1myyKWSYe/jYCyGuppmocjTciEh8mAInmOw==}
    engines: {node: ^18.19.1 || ^20.11.1 || >=22.0.0}
    peerDependencies:
      '@angular/core': 19.2.11
      rxjs: ^6.5.3 || ^7.4.0

  '@angular/compiler@19.2.11':
    resolution: {integrity: sha512-/ZGFAEO2TyqkaE4neR8lGL9I2QeO2sRVFqulQv7Bu8zKTPStjcsFCwNkp+TNX8Oq/1rLcY9XWAOsUk1//AZd8Q==}
    engines: {node: ^18.19.1 || ^20.11.1 || >=22.0.0}

  '@angular/core@19.2.11':
    resolution: {integrity: sha512-kmtJQB7B5F2V1JIzy1oBPS6WrRyedSYkuge+XoX1mCSFJDef8HRNd7GopnQ0Zaz0vOTGvCCkWvvaH/+7s2lmAQ==}
    engines: {node: ^18.19.1 || ^20.11.1 || >=22.0.0}
    peerDependencies:
      rxjs: ^6.5.3 || ^7.4.0
      zone.js: ~0.15.0

  '@angular/forms@19.2.11':
    resolution: {integrity: sha512-ZH9ccuT6rTirNSbiMRtGRkRrj69a2/+BVaa/kEpUHjh41wDQXxhOlOfPZd/sfj04QiAzIpsYmVJrmoV7/LxPSw==}
    engines: {node: ^18.19.1 || ^20.11.1 || >=22.0.0}
    peerDependencies:
      '@angular/common': 19.2.11
      '@angular/core': 19.2.11
      '@angular/platform-browser': 19.2.11
      rxjs: ^6.5.3 || ^7.4.0

  '@angular/platform-browser-dynamic@19.2.11':
    resolution: {integrity: sha512-1/0FmjSAvsK+A6gWLgEc60YMnWQchP9fP6y4sE1uQOThIgK+qLnLjZqZn7uOw8zMDBMtxB7SlepajnXftVXddw==}
    engines: {node: ^18.19.1 || ^20.11.1 || >=22.0.0}
    peerDependencies:
      '@angular/common': 19.2.11
      '@angular/compiler': 19.2.11
      '@angular/core': 19.2.11
      '@angular/platform-browser': 19.2.11

  '@angular/platform-browser@19.2.11':
    resolution: {integrity: sha512-wAPJtgzmxBEpW31sa2eg9QssCHBZ52Zc9nm6azTflDlOAyfm9bzqec7y3wqy5sgVue/qID2gzHqmpS3Nx3o0xg==}
    engines: {node: ^18.19.1 || ^20.11.1 || >=22.0.0}
    peerDependencies:
      '@angular/animations': 19.2.11
      '@angular/common': 19.2.11
      '@angular/core': 19.2.11
    peerDependenciesMeta:
      '@angular/animations':
        optional: true

  '@angular/router@19.2.11':
    resolution: {integrity: sha512-nBwMwRgQ3s1c1CPItPnTJTf81NDOQHvK41r2MIJGHa3H9LONlcbY07q/9p49fqt/xn/dgoOmQTtJ22b/nbIJAQ==}
    engines: {node: ^18.19.1 || ^20.11.1 || >=22.0.0}
    peerDependencies:
      '@angular/common': 19.2.11
      '@angular/core': 19.2.11
      '@angular/platform-browser': 19.2.11
      rxjs: ^6.5.3 || ^7.4.0

  '@types/node@22.15.18':
    resolution: {integrity: sha512-v1DKRfUdyW+jJhZNEI1PYy29S2YRxMV5AOO/x/SjKmW0acCIOqmbj6Haf9eHAhsPmrhlHSxEhv/1WszcLWV4cg==}

  rxjs@7.8.2:
    resolution: {integrity: sha512-dhKf903U/PQZY6boNNtAGdWbG85WAbjT/1xYoZIC7FAY0yWapOBQVsVrDl58W86//e1VpMNBtRV4MaXfdMySFA==}

  tslib@2.8.1:
    resolution: {integrity: sha512-oJFu94HQb+KVduSUQL7wnpmqnfmLsOA/nAh6b6EH0wCEoK0/mPeXU6c3wKDV83MkOuHPRHtSXKKU99IBazS/2w==}

  typescript@5.8.3:
    resolution: {integrity: sha512-p1diW6TqL9L07nNxvRMM7hMMw4c5XOo/1ibL4aAIGmSAt9slTE1Xgw5KWuof2uTOvCg9BY7ZRi+GaF+7sfgPeQ==}
    engines: {node: '>=14.17'}
    hasBin: true

  undici-types@6.21.0:
    resolution: {integrity: sha512-iwDZqg0QAGrg9Rav5H4n0M64c3mkR59cJ6wQp+7C4nI0gsmExaedaYLNO44eT4AtBBwjbTiGPMlt2Md0T9H9JQ==}

  zone.js@0.15.0:
    resolution: {integrity: sha512-9oxn0IIjbCZkJ67L+LkhYWRyAy7axphb3VgE2MBDlOqnmHMPWGYMxJxBYFueFq/JGY2GMwS0rU+UCLunEmy5UA==}

snapshots:

  '@angular/common@19.2.11(@angular/core@19.2.11(rxjs@7.8.2)(zone.js@0.15.0))(rxjs@7.8.2)':
    dependencies:
      '@angular/core': 19.2.11(rxjs@7.8.2)(zone.js@0.15.0)
      rxjs: 7.8.2
      tslib: 2.8.1

  '@angular/compiler@19.2.11':
    dependencies:
      tslib: 2.8.1

  '@angular/core@19.2.11(rxjs@7.8.2)(zone.js@0.15.0)':
    dependencies:
      rxjs: 7.8.2
      tslib: 2.8.1
      zone.js: 0.15.0

  '@angular/forms@19.2.11(@angular/common@19.2.11(@angular/core@19.2.11(rxjs@7.8.2)(zone.js@0.15.0))(rxjs@7.8.2))(@angular/core@19.2.11(rxjs@7.8.2)(zone.js@0.15.0))(@angular/platform-browser@19.2.11(@angular/common@19.2.11(@angular/core@19.2.11(rxjs@7.8.2)(zone.js@0.15.0))(rxjs@7.8.2))(@angular/core@19.2.11(rxjs@7.8.2)(zone.js@0.15.0)))(rxjs@7.8.2)':
    dependencies:
      '@angular/common': 19.2.11(@angular/core@19.2.11(rxjs@7.8.2)(zone.js@0.15.0))(rxjs@7.8.2)
      '@angular/core': 19.2.11(rxjs@7.8.2)(zone.js@0.15.0)
      '@angular/platform-browser': 19.2.11(@angular/common@19.2.11(@angular/core@19.2.11(rxjs@7.8.2)(zone.js@0.15.0))(rxjs@7.8.2))(@angular/core@19.2.11(rxjs@7.8.2)(zone.js@0.15.0))
      rxjs: 7.8.2
      tslib: 2.8.1

  '@angular/platform-browser-dynamic@19.2.11(@angular/common@19.2.11(@angular/core@19.2.11(rxjs@7.8.2)(zone.js@0.15.0))(rxjs@7.8.2))(@angular/compiler@19.2.11)(@angular/core@19.2.11(rxjs@7.8.2)(zone.js@0.15.0))(@angular/platform-browser@19.2.11(@angular/common@19.2.11(@angular/core@19.2.11(rxjs@7.8.2)(zone.js@0.15.0))(rxjs@7.8.2))(@angular/core@19.2.11(rxjs@7.8.2)(zone.js@0.15.0)))':
    dependencies:
      '@angular/common': 19.2.11(@angular/core@19.2.11(rxjs@7.8.2)(zone.js@0.15.0))(rxjs@7.8.2)
      '@angular/compiler': 19.2.11
      '@angular/core': 19.2.11(rxjs@7.8.2)(zone.js@0.15.0)
      '@angular/platform-browser': 19.2.11(@angular/common@19.2.11(@angular/core@19.2.11(rxjs@7.8.2)(zone.js@0.15.0))(rxjs@7.8.2))(@angular/core@19.2.11(rxjs@7.8.2)(zone.js@0.15.0))
      tslib: 2.8.1

  '@angular/platform-browser@19.2.11(@angular/common@19.2.11(@angular/core@19.2.11(rxjs@7.8.2)(zone.js@0.15.0))(rxjs@7.8.2))(@angular/core@19.2.11(rxjs@7.8.2)(zone.js@0.15.0))':
    dependencies:
      '@angular/common': 19.2.11(@angular/core@19.2.11(rxjs@7.8.2)(zone.js@0.15.0))(rxjs@7.8.2)
      '@angular/core': 19.2.11(rxjs@7.8.2)(zone.js@0.15.0)
      tslib: 2.8.1

  '@angular/router@19.2.11(@angular/common@19.2.11(@angular/core@19.2.11(rxjs@7.8.2)(zone.js@0.15.0))(rxjs@7.8.2))(@angular/core@19.2.11(rxjs@7.8.2)(zone.js@0.15.0))(@angular/platform-browser@19.2.11(@angular/common@19.2.11(@angular/core@19.2.11(rxjs@7.8.2)(zone.js@0.15.0))(rxjs@7.8.2))(@angular/core@19.2.11(rxjs@7.8.2)(zone.js@0.15.0)))(rxjs@7.8.2)':
    dependencies:
      '@angular/common': 19.2.11(@angular/core@19.2.11(rxjs@7.8.2)(zone.js@0.15.0))(rxjs@7.8.2)
      '@angular/core': 19.2.11(rxjs@7.8.2)(zone.js@0.15.0)
      '@angular/platform-browser': 19.2.11(@angular/common@19.2.11(@angular/core@19.2.11(rxjs@7.8.2)(zone.js@0.15.0))(rxjs@7.8.2))(@angular/core@19.2.11(rxjs@7.8.2)(zone.js@0.15.0))
      rxjs: 7.8.2
      tslib: 2.8.1

  '@types/node@22.15.18':
    dependencies:
      undici-types: 6.21.0

  rxjs@7.8.2:
    dependencies:
      tslib: 2.8.1

  tslib@2.8.1: {}

  typescript@5.8.3: {}

  undici-types@6.21.0: {}

  zone.js@0.15.0: {}
